
Microsoft Visual Studio Solution File, Format Version 12.00
Project("{2150E333-8FDC-42A3-9474-1A3956D46DE8}") = "PresentationLayer", "PresentationLayer", "{83752F4E-6043-4FCC-9384-9F01C0C77539}"
EndProject
Project("{FAE04EC0-301F-11D3-BF4B-00C04F79EFBC}") = "CodeConnect.WebAssembly", "CodeConnect.WebAssembly\CodeConnect.WebAssembly.csproj", "{C0359684-A5C0-40F1-A5B1-A6C0FD31B26B}"
EndProject
Project("{FAE04EC0-301F-11D3-BF4B-00C04F79EFBC}") = "CodeConnect.WebAPI", "CodeConnect.WebAPI\CodeConnect.WebAPI.csproj", "{55787C12-0423-4D36-A6F0-33B78CAC9FDD}"
EndProject
Project("{FAE04EC0-301F-11D3-BF4B-00C04F79EFBC}") = "ApplicationLayer", "ApplicationLayer\ApplicationLayer.csproj", "{4E47E8D7-EAD4-41EA-B904-711969A95671}"
EndProject
Project("{FAE04EC0-301F-11D3-BF4B-00C04F79EFBC}") = "DomainLayer", "DomainLayer\DomainLayer.csproj", "{322C3AD3-15DF-41C8-93B4-92550AE057B0}"
EndProject
Project("{FAE04EC0-301F-11D3-BF4B-00C04F79EFBC}") = "InfrastructureLayer", "InfrastructureLayer\InfrastructureLayer.csproj", "{BBE395AC-8831-448F-A138-6C9232C7F658}"
EndProject
Project("{FAE04EC0-301F-11D3-BF4B-00C04F79EFBC}") = "ControllersTestLayer", "ControllersTestLayer\ControllersTestLayer.csproj", "{7A14E943-041F-4EF7-A9EF-5E81637AFE5B}"
EndProject
Project("{2150E333-8FDC-42A3-9474-1A3956D46DE8}") = "Tests", "Tests", "{8DD488CE-A33D-4A9F-9DBC-D033C92BE0EB}"
EndProject
Global
	GlobalSection(SolutionConfigurationPlatforms) = preSolution
		Debug|Any CPU = Debug|Any CPU
		Release|Any CPU = Release|Any CPU
	EndGlobalSection
	GlobalSection(NestedProjects) = preSolution
		{C0359684-A5C0-40F1-A5B1-A6C0FD31B26B} = {83752F4E-6043-4FCC-9384-9F01C0C77539}
		{55787C12-0423-4D36-A6F0-33B78CAC9FDD} = {83752F4E-6043-4FCC-9384-9F01C0C77539}
		{7A14E943-041F-4EF7-A9EF-5E81637AFE5B} = {8DD488CE-A33D-4A9F-9DBC-D033C92BE0EB}
	EndGlobalSection
	GlobalSection(ProjectConfigurationPlatforms) = postSolution
		{C0359684-A5C0-40F1-A5B1-A6C0FD31B26B}.Debug|Any CPU.ActiveCfg = Debug|Any CPU
		{C0359684-A5C0-40F1-A5B1-A6C0FD31B26B}.Debug|Any CPU.Build.0 = Debug|Any CPU
		{C0359684-A5C0-40F1-A5B1-A6C0FD31B26B}.Release|Any CPU.ActiveCfg = Release|Any CPU
		{C0359684-A5C0-40F1-A5B1-A6C0FD31B26B}.Release|Any CPU.Build.0 = Release|Any CPU
		{55787C12-0423-4D36-A6F0-33B78CAC9FDD}.Debug|Any CPU.ActiveCfg = Debug|Any CPU
		{55787C12-0423-4D36-A6F0-33B78CAC9FDD}.Debug|Any CPU.Build.0 = Debug|Any CPU
		{55787C12-0423-4D36-A6F0-33B78CAC9FDD}.Release|Any CPU.ActiveCfg = Release|Any CPU
		{55787C12-0423-4D36-A6F0-33B78CAC9FDD}.Release|Any CPU.Build.0 = Release|Any CPU
		{4E47E8D7-EAD4-41EA-B904-711969A95671}.Debug|Any CPU.ActiveCfg = Debug|Any CPU
		{4E47E8D7-EAD4-41EA-B904-711969A95671}.Debug|Any CPU.Build.0 = Debug|Any CPU
		{4E47E8D7-EAD4-41EA-B904-711969A95671}.Release|Any CPU.ActiveCfg = Release|Any CPU
		{4E47E8D7-EAD4-41EA-B904-711969A95671}.Release|Any CPU.Build.0 = Release|Any CPU
		{322C3AD3-15DF-41C8-93B4-92550AE057B0}.Debug|Any CPU.ActiveCfg = Debug|Any CPU
		{322C3AD3-15DF-41C8-93B4-92550AE057B0}.Debug|Any CPU.Build.0 = Debug|Any CPU
		{322C3AD3-15DF-41C8-93B4-92550AE057B0}.Release|Any CPU.ActiveCfg = Release|Any CPU
		{322C3AD3-15DF-41C8-93B4-92550AE057B0}.Release|Any CPU.Build.0 = Release|Any CPU
		{BBE395AC-8831-448F-A138-6C9232C7F658}.Debug|Any CPU.ActiveCfg = Debug|Any CPU
		{BBE395AC-8831-448F-A138-6C9232C7F658}.Debug|Any CPU.Build.0 = Debug|Any CPU
		{BBE395AC-8831-448F-A138-6C9232C7F658}.Release|Any CPU.ActiveCfg = Release|Any CPU
		{BBE395AC-8831-448F-A138-6C9232C7F658}.Release|Any CPU.Build.0 = Release|Any CPU
		{7A14E943-041F-4EF7-A9EF-5E81637AFE5B}.Debug|Any CPU.ActiveCfg = Debug|Any CPU
		{7A14E943-041F-4EF7-A9EF-5E81637AFE5B}.Debug|Any CPU.Build.0 = Debug|Any CPU
		{7A14E943-041F-4EF7-A9EF-5E81637AFE5B}.Release|Any CPU.ActiveCfg = Release|Any CPU
		{7A14E943-041F-4EF7-A9EF-5E81637AFE5B}.Release|Any CPU.Build.0 = Release|Any CPU
	EndGlobalSection
EndGlobal
